Microsoft Visual Studio Solution File, Format Version 12.00
# Visual Studio 2012
Project("{8BC9CEB8-8B4A-11D0-8D11-00A0C91BC942}") = "ALL_BUILD", "ALL_BUILD.vcxproj", "{29693090-EC61-4A0B-A0A5-CB2DC404D3EF}"
	ProjectSection(ProjectDependencies) = postProject
		{7771AD01-0D0E-4986-A738-951B57F141EC} = {7771AD01-0D0E-4986-A738-951B57F141EC}
		{D20BE4AA-B483-4438-BF59-B118E2561F3F} = {D20BE4AA-B483-4438-BF59-B118E2561F3F}
		{B4125DC8-DE60-4707-8FDC-150818A04398} = {B4125DC8-DE60-4707-8FDC-150818A04398}
		{319C2CB4-CA98-4304-AE20-910F75346C3D} = {319C2CB4-CA98-4304-AE20-910F75346C3D}
		{CA10BBAA-38AF-44F7-8A67-FB7AB40C06CF} = {CA10BBAA-38AF-44F7-8A67-FB7AB40C06CF}
		{DF5B2FAF-44DF-4C16-808B-DBBB16974BF2} = {DF5B2FAF-44DF-4C16-808B-DBBB16974BF2}
		{D419FB79-4B78-4AE5-9C48-9C1DF6ECA976} = {D419FB79-4B78-4AE5-9C48-9C1DF6ECA976}
		{12BF56EB-DFFD-4C08-8F8D-355686A91138} = {12BF56EB-DFFD-4C08-8F8D-355686A91138}
		{7BF041C5-C113-4AD8-8756-24EFD28FD21C} = {7BF041C5-C113-4AD8-8756-24EFD28FD21C}
		{6395C3D5-5100-48FE-A3E3-E4F1765C0AC2} = {6395C3D5-5100-48FE-A3E3-E4F1765C0AC2}
		{7E07C62E-3A65-4BF3-AC55-052D2FC7720C} = {7E07C62E-3A65-4BF3-AC55-052D2FC7720C}
		{686ECEB9-B86D-4454-B3EE-F18203910557} = {686ECEB9-B86D-4454-B3EE-F18203910557}
		{8AB73C5C-7FCA-4FFD-A5BC-86A04959967D} = {8AB73C5C-7FCA-4FFD-A5BC-86A04959967D}
		{82F75E9A-B733-4C5F-95E1-8E4E0A4EE85C} = {82F75E9A-B733-4C5F-95E1-8E4E0A4EE85C}
		{84FE6B78-916F-4F17-82CA-5D39468497F2} = {84FE6B78-916F-4F17-82CA-5D39468497F2}
		{5794030D-D5E9-48FC-BA6D-AB7F9E5B88BD} = {5794030D-D5E9-48FC-BA6D-AB7F9E5B88BD}
		{6948C802-8A38-4287-81FC-B37B2725DE91} = {6948C802-8A38-4287-81FC-B37B2725DE91}
		{D06F2B26-3D9C-4177-AA85-5EA7C61AF9A3} = {D06F2B26-3D9C-4177-AA85-5EA7C61AF9A3}
		{48EC0497-6C58-4B92-A858-51168E780807} = {48EC0497-6C58-4B92-A858-51168E780807}
	EndProjectSection
EndProject
Project("{8BC9CEB8-8B4A-11D0-8D11-00A0C91BC942}") = "INSTALL", "INSTALL.vcxproj", "{D05F992F-E837-4093-88DE-6B7304CF1047}"
	ProjectSection(ProjectDependencies) = postProject
		{29693090-EC61-4A0B-A0A5-CB2DC404D3EF} = {29693090-EC61-4A0B-A0A5-CB2DC404D3EF}
	EndProjectSection
EndProject
Project("{8BC9CEB8-8B4A-11D0-8D11-00A0C91BC942}") = "ZERO_CHECK", "ZERO_CHECK.vcxproj", "{7771AD01-0D0E-4986-A738-951B57F141EC}"
	ProjectSection(ProjectDependencies) = postProject
	EndProjectSection
EndProject
Project("{8BC9CEB8-8B4A-11D0-8D11-00A0C91BC942}") = "common", "common\common.vcxproj", "{D20BE4AA-B483-4438-BF59-B118E2561F3F}"
	ProjectSection(ProjectDependencies) = postProject
		{7771AD01-0D0E-4986-A738-951B57F141EC} = {7771AD01-0D0E-4986-A738-951B57F141EC}
	EndProjectSection
EndProject
Project("{8BC9CEB8-8B4A-11D0-8D11-00A0C91BC942}") = "common_static", "common\common_static.vcxproj", "{B4125DC8-DE60-4707-8FDC-150818A04398}"
	ProjectSection(ProjectDependencies) = postProject
		{7771AD01-0D0E-4986-A738-951B57F141EC} = {7771AD01-0D0E-4986-A738-951B57F141EC}
	EndProjectSection
EndProject
Project("{8BC9CEB8-8B4A-11D0-8D11-00A0C91BC942}") = "dyninstAPI", "dyninstAPI\dyninstAPI.vcxproj", "{319C2CB4-CA98-4304-AE20-910F75346C3D}"
	ProjectSection(ProjectDependencies) = postProject
		{7771AD01-0D0E-4986-A738-951B57F141EC} = {7771AD01-0D0E-4986-A738-951B57F141EC}
		{D20BE4AA-B483-4438-BF59-B118E2561F3F} = {D20BE4AA-B483-4438-BF59-B118E2561F3F}
		{12BF56EB-DFFD-4C08-8F8D-355686A91138} = {12BF56EB-DFFD-4C08-8F8D-355686A91138}
		{6395C3D5-5100-48FE-A3E3-E4F1765C0AC2} = {6395C3D5-5100-48FE-A3E3-E4F1765C0AC2}
		{686ECEB9-B86D-4454-B3EE-F18203910557} = {686ECEB9-B86D-4454-B3EE-F18203910557}
		{82F75E9A-B733-4C5F-95E1-8E4E0A4EE85C} = {82F75E9A-B733-4C5F-95E1-8E4E0A4EE85C}
		{5794030D-D5E9-48FC-BA6D-AB7F9E5B88BD} = {5794030D-D5E9-48FC-BA6D-AB7F9E5B88BD}
		{D06F2B26-3D9C-4177-AA85-5EA7C61AF9A3} = {D06F2B26-3D9C-4177-AA85-5EA7C61AF9A3}
	EndProjectSection
EndProject
Project("{8BC9CEB8-8B4A-11D0-8D11-00A0C91BC942}") = "dyninstAPI_RT", "dyninstAPI_RT\dyninstAPI_RT.vcxproj", "{CA10BBAA-38AF-44F7-8A67-FB7AB40C06CF}"
	ProjectSection(ProjectDependencies) = postProject
		{7771AD01-0D0E-4986-A738-951B57F141EC} = {7771AD01-0D0E-4986-A738-951B57F141EC}
	EndProjectSection
EndProject
Project("{8BC9CEB8-8B4A-11D0-8D11-00A0C91BC942}") = "dyninstAPI_RT_static", "dyninstAPI_RT\dyninstAPI_RT_static.vcxproj", "{DF5B2FAF-44DF-4C16-808B-DBBB16974BF2}"
	ProjectSection(ProjectDependencies) = postProject
		{7771AD01-0D0E-4986-A738-951B57F141EC} = {7771AD01-0D0E-4986-A738-951B57F141EC}
	EndProjectSection
EndProject
Project("{8BC9CEB8-8B4A-11D0-8D11-00A0C91BC942}") = "dyninstAPI_static", "dyninstAPI\dyninstAPI_static.vcxproj", "{D419FB79-4B78-4AE5-9C48-9C1DF6ECA976}"
	ProjectSection(ProjectDependencies) = postProject
		{7771AD01-0D0E-4986-A738-951B57F141EC} = {7771AD01-0D0E-4986-A738-951B57F141EC}
	EndProjectSection
EndProject
Project("{8BC9CEB8-8B4A-11D0-8D11-00A0C91BC942}") = "instructionAPI", "instructionAPI\instructionAPI.vcxproj", "{12BF56EB-DFFD-4C08-8F8D-355686A91138}"
	ProjectSection(ProjectDependencies) = postProject
		{7771AD01-0D0E-4986-A738-951B57F141EC} = {7771AD01-0D0E-4986-A738-951B57F141EC}
		{D20BE4AA-B483-4438-BF59-B118E2561F3F} = {D20BE4AA-B483-4438-BF59-B118E2561F3F}
	EndProjectSection
EndProject
Project("{8BC9CEB8-8B4A-11D0-8D11-00A0C91BC942}") = "instructionAPI_static", "instructionAPI\instructionAPI_static.vcxproj", "{7BF041C5-C113-4AD8-8756-24EFD28FD21C}"
	ProjectSection(ProjectDependencies) = postProject
		{7771AD01-0D0E-4986-A738-951B57F141EC} = {7771AD01-0D0E-4986-A738-951B57F141EC}
	EndProjectSection
EndProject
Project("{8BC9CEB8-8B4A-11D0-8D11-00A0C91BC942}") = "parseAPI", "parseAPI\parseAPI.vcxproj", "{6395C3D5-5100-48FE-A3E3-E4F1765C0AC2}"
	ProjectSection(ProjectDependencies) = postProject
		{7771AD01-0D0E-4986-A738-951B57F141EC} = {7771AD01-0D0E-4986-A738-951B57F141EC}
		{D20BE4AA-B483-4438-BF59-B118E2561F3F} = {D20BE4AA-B483-4438-BF59-B118E2561F3F}
		{12BF56EB-DFFD-4C08-8F8D-355686A91138} = {12BF56EB-DFFD-4C08-8F8D-355686A91138}
		{D06F2B26-3D9C-4177-AA85-5EA7C61AF9A3} = {D06F2B26-3D9C-4177-AA85-5EA7C61AF9A3}
	EndProjectSection
EndProject
Project("{8BC9CEB8-8B4A-11D0-8D11-00A0C91BC942}") = "parseAPI_static", "parseAPI\parseAPI_static.vcxproj", "{7E07C62E-3A65-4BF3-AC55-052D2FC7720C}"
	ProjectSection(ProjectDependencies) = postProject
		{7771AD01-0D0E-4986-A738-951B57F141EC} = {7771AD01-0D0E-4986-A738-951B57F141EC}
	EndProjectSection
EndProject
Project("{8BC9CEB8-8B4A-11D0-8D11-00A0C91BC942}") = "patchAPI", "patchAPI\patchAPI.vcxproj", "{686ECEB9-B86D-4454-B3EE-F18203910557}"
	ProjectSection(ProjectDependencies) = postProject
		{7771AD01-0D0E-4986-A738-951B57F141EC} = {7771AD01-0D0E-4986-A738-951B57F141EC}
		{D20BE4AA-B483-4438-BF59-B118E2561F3F} = {D20BE4AA-B483-4438-BF59-B118E2561F3F}
		{12BF56EB-DFFD-4C08-8F8D-355686A91138} = {12BF56EB-DFFD-4C08-8F8D-355686A91138}
		{6395C3D5-5100-48FE-A3E3-E4F1765C0AC2} = {6395C3D5-5100-48FE-A3E3-E4F1765C0AC2}
		{D06F2B26-3D9C-4177-AA85-5EA7C61AF9A3} = {D06F2B26-3D9C-4177-AA85-5EA7C61AF9A3}
	EndProjectSection
EndProject
Project("{8BC9CEB8-8B4A-11D0-8D11-00A0C91BC942}") = "patchAPI_static", "patchAPI\patchAPI_static.vcxproj", "{8AB73C5C-7FCA-4FFD-A5BC-86A04959967D}"
	ProjectSection(ProjectDependencies) = postProject
		{7771AD01-0D0E-4986-A738-951B57F141EC} = {7771AD01-0D0E-4986-A738-951B57F141EC}
	EndProjectSection
EndProject
Project("{8BC9CEB8-8B4A-11D0-8D11-00A0C91BC942}") = "pcontrol", "proccontrol\pcontrol.vcxproj", "{82F75E9A-B733-4C5F-95E1-8E4E0A4EE85C}"
	ProjectSection(ProjectDependencies) = postProject
		{7771AD01-0D0E-4986-A738-951B57F141EC} = {7771AD01-0D0E-4986-A738-951B57F141EC}
		{D20BE4AA-B483-4438-BF59-B118E2561F3F} = {D20BE4AA-B483-4438-BF59-B118E2561F3F}
		{D06F2B26-3D9C-4177-AA85-5EA7C61AF9A3} = {D06F2B26-3D9C-4177-AA85-5EA7C61AF9A3}
	EndProjectSection
EndProject
Project("{8BC9CEB8-8B4A-11D0-8D11-00A0C91BC942}") = "pcontrol_static", "proccontrol\pcontrol_static.vcxproj", "{84FE6B78-916F-4F17-82CA-5D39468497F2}"
	ProjectSection(ProjectDependencies) = postProject
		{7771AD01-0D0E-4986-A738-951B57F141EC} = {7771AD01-0D0E-4986-A738-951B57F141EC}
	EndProjectSection
EndProject
Project("{8BC9CEB8-8B4A-11D0-8D11-00A0C91BC942}") = "stackwalk", "stackwalk\stackwalk.vcxproj", "{5794030D-D5E9-48FC-BA6D-AB7F9E5B88BD}"
	ProjectSection(ProjectDependencies) = postProject
		{7771AD01-0D0E-4986-A738-951B57F141EC} = {7771AD01-0D0E-4986-A738-951B57F141EC}
		{D20BE4AA-B483-4438-BF59-B118E2561F3F} = {D20BE4AA-B483-4438-BF59-B118E2561F3F}
		{12BF56EB-DFFD-4C08-8F8D-355686A91138} = {12BF56EB-DFFD-4C08-8F8D-355686A91138}
		{6395C3D5-5100-48FE-A3E3-E4F1765C0AC2} = {6395C3D5-5100-48FE-A3E3-E4F1765C0AC2}
		{82F75E9A-B733-4C5F-95E1-8E4E0A4EE85C} = {82F75E9A-B733-4C5F-95E1-8E4E0A4EE85C}
		{D06F2B26-3D9C-4177-AA85-5EA7C61AF9A3} = {D06F2B26-3D9C-4177-AA85-5EA7C61AF9A3}
	EndProjectSection
EndProject
Project("{8BC9CEB8-8B4A-11D0-8D11-00A0C91BC942}") = "stackwalk_static", "stackwalk\stackwalk_static.vcxproj", "{6948C802-8A38-4287-81FC-B37B2725DE91}"
	ProjectSection(ProjectDependencies) = postProject
		{7771AD01-0D0E-4986-A738-951B57F141EC} = {7771AD01-0D0E-4986-A738-951B57F141EC}
	EndProjectSection
EndProject
Project("{8BC9CEB8-8B4A-11D0-8D11-00A0C91BC942}") = "symtabAPI", "symtabAPI\symtabAPI.vcxproj", "{D06F2B26-3D9C-4177-AA85-5EA7C61AF9A3}"
	ProjectSection(ProjectDependencies) = postProject
		{7771AD01-0D0E-4986-A738-951B57F141EC} = {7771AD01-0D0E-4986-A738-951B57F141EC}
		{D20BE4AA-B483-4438-BF59-B118E2561F3F} = {D20BE4AA-B483-4438-BF59-B118E2561F3F}
	EndProjectSection
EndProject
Project("{8BC9CEB8-8B4A-11D0-8D11-00A0C91BC942}") = "symtabAPI_static", "symtabAPI\symtabAPI_static.vcxproj", "{48EC0497-6C58-4B92-A858-51168E780807}"
	ProjectSection(ProjectDependencies) = postProject
		{7771AD01-0D0E-4986-A738-951B57F141EC} = {7771AD01-0D0E-4986-A738-951B57F141EC}
	EndProjectSection
EndProject
Global
	GlobalSection(SolutionConfigurationPlatforms) = preSolution
		Debug|Win32 = Debug|Win32
		Release|Win32 = Release|Win32
		MinSizeRel|Win32 = MinSizeRel|Win32
		RelWithDebInfo|Win32 = RelWithDebInfo|Win32
	EndGlobalSection
	GlobalSection(ProjectConfigurationPlatforms) = postSolution
		{29693090-EC61-4A0B-A0A5-CB2DC404D3EF}.Debug|Win32.ActiveCfg = Debug|Win32
		{29693090-EC61-4A0B-A0A5-CB2DC404D3EF}.Debug|Win32.Build.0 = Debug|Win32
		{29693090-EC61-4A0B-A0A5-CB2DC404D3EF}.Release|Win32.ActiveCfg = Release|Win32
		{29693090-EC61-4A0B-A0A5-CB2DC404D3EF}.Release|Win32.Build.0 = Release|Win32
		{29693090-EC61-4A0B-A0A5-CB2DC404D3EF}.MinSizeRel|Win32.ActiveCfg = MinSizeRel|Win32
		{29693090-EC61-4A0B-A0A5-CB2DC404D3EF}.MinSizeRel|Win32.Build.0 = MinSizeRel|Win32
		{29693090-EC61-4A0B-A0A5-CB2DC404D3EF}.RelWithDebInfo|Win32.ActiveCfg = RelWithDebInfo|Win32
		{29693090-EC61-4A0B-A0A5-CB2DC404D3EF}.RelWithDebInfo|Win32.Build.0 = RelWithDebInfo|Win32
		{D05F992F-E837-4093-88DE-6B7304CF1047}.Debug|Win32.ActiveCfg = Debug|Win32
		{D05F992F-E837-4093-88DE-6B7304CF1047}.Release|Win32.ActiveCfg = Release|Win32
		{D05F992F-E837-4093-88DE-6B7304CF1047}.MinSizeRel|Win32.ActiveCfg = MinSizeRel|Win32
		{D05F992F-E837-4093-88DE-6B7304CF1047}.RelWithDebInfo|Win32.ActiveCfg = RelWithDebInfo|Win32
		{7771AD01-0D0E-4986-A738-951B57F141EC}.Debug|Win32.ActiveCfg = Debug|Win32
		{7771AD01-0D0E-4986-A738-951B57F141EC}.Debug|Win32.Build.0 = Debug|Win32
		{7771AD01-0D0E-4986-A738-951B57F141EC}.Release|Win32.ActiveCfg = Release|Win32
		{7771AD01-0D0E-4986-A738-951B57F141EC}.Release|Win32.Build.0 = Release|Win32
		{7771AD01-0D0E-4986-A738-951B57F141EC}.MinSizeRel|Win32.ActiveCfg = MinSizeRel|Win32
		{7771AD01-0D0E-4986-A738-951B57F141EC}.MinSizeRel|Win32.Build.0 = MinSizeRel|Win32
		{7771AD01-0D0E-4986-A738-951B57F141EC}.RelWithDebInfo|Win32.ActiveCfg = RelWithDebInfo|Win32
		{7771AD01-0D0E-4986-A738-951B57F141EC}.RelWithDebInfo|Win32.Build.0 = RelWithDebInfo|Win32
		{D20BE4AA-B483-4438-BF59-B118E2561F3F}.Debug|Win32.ActiveCfg = Debug|Win32
		{D20BE4AA-B483-4438-BF59-B118E2561F3F}.Debug|Win32.Build.0 = Debug|Win32
		{D20BE4AA-B483-4438-BF59-B118E2561F3F}.Release|Win32.ActiveCfg = Release|Win32
		{D20BE4AA-B483-4438-BF59-B118E2561F3F}.Release|Win32.Build.0 = Release|Win32
		{D20BE4AA-B483-4438-BF59-B118E2561F3F}.MinSizeRel|Win32.ActiveCfg = MinSizeRel|Win32
		{D20BE4AA-B483-4438-BF59-B118E2561F3F}.MinSizeRel|Win32.Build.0 = MinSizeRel|Win32
		{D20BE4AA-B483-4438-BF59-B118E2561F3F}.RelWithDebInfo|Win32.ActiveCfg = RelWithDebInfo|Win32
		{D20BE4AA-B483-4438-BF59-B118E2561F3F}.RelWithDebInfo|Win32.Build.0 = RelWithDebInfo|Win32
		{B4125DC8-DE60-4707-8FDC-150818A04398}.Debug|Win32.ActiveCfg = Debug|Win32
		{B4125DC8-DE60-4707-8FDC-150818A04398}.Debug|Win32.Build.0 = Debug|Win32
		{B4125DC8-DE60-4707-8FDC-150818A04398}.Release|Win32.ActiveCfg = Release|Win32
		{B4125DC8-DE60-4707-8FDC-150818A04398}.Release|Win32.Build.0 = Release|Win32
		{B4125DC8-DE60-4707-8FDC-150818A04398}.MinSizeRel|Win32.ActiveCfg = MinSizeRel|Win32
		{B4125DC8-DE60-4707-8FDC-150818A04398}.MinSizeRel|Win32.Build.0 = MinSizeRel|Win32
		{B4125DC8-DE60-4707-8FDC-150818A04398}.RelWithDebInfo|Win32.ActiveCfg = RelWithDebInfo|Win32
		{B4125DC8-DE60-4707-8FDC-150818A04398}.RelWithDebInfo|Win32.Build.0 = RelWithDebInfo|Win32
		{319C2CB4-CA98-4304-AE20-910F75346C3D}.Debug|Win32.ActiveCfg = Debug|Win32
		{319C2CB4-CA98-4304-AE20-910F75346C3D}.Debug|Win32.Build.0 = Debug|Win32
		{319C2CB4-CA98-4304-AE20-910F75346C3D}.Release|Win32.ActiveCfg = Release|Win32
		{319C2CB4-CA98-4304-AE20-910F75346C3D}.Release|Win32.Build.0 = Release|Win32
		{319C2CB4-CA98-4304-AE20-910F75346C3D}.MinSizeRel|Win32.ActiveCfg = MinSizeRel|Win32
		{319C2CB4-CA98-4304-AE20-910F75346C3D}.MinSizeRel|Win32.Build.0 = MinSizeRel|Win32
		{319C2CB4-CA98-4304-AE20-910F75346C3D}.RelWithDebInfo|Win32.ActiveCfg = RelWithDebInfo|Win32
		{319C2CB4-CA98-4304-AE20-910F75346C3D}.RelWithDebInfo|Win32.Build.0 = RelWithDebInfo|Win32
		{CA10BBAA-38AF-44F7-8A67-FB7AB40C06CF}.Debug|Win32.ActiveCfg = Debug|Win32
		{CA10BBAA-38AF-44F7-8A67-FB7AB40C06CF}.Debug|Win32.Build.0 = Debug|Win32
		{CA10BBAA-38AF-44F7-8A67-FB7AB40C06CF}.Release|Win32.ActiveCfg = Release|Win32
		{CA10BBAA-38AF-44F7-8A67-FB7AB40C06CF}.Release|Win32.Build.0 = Release|Win32
		{CA10BBAA-38AF-44F7-8A67-FB7AB40C06CF}.MinSizeRel|Win32.ActiveCfg = MinSizeRel|Win32
		{CA10BBAA-38AF-44F7-8A67-FB7AB40C06CF}.MinSizeRel|Win32.Build.0 = MinSizeRel|Win32
		{CA10BBAA-38AF-44F7-8A67-FB7AB40C06CF}.RelWithDebInfo|Win32.ActiveCfg = RelWithDebInfo|Win32
		{CA10BBAA-38AF-44F7-8A67-FB7AB40C06CF}.RelWithDebInfo|Win32.Build.0 = RelWithDebInfo|Win32
		{DF5B2FAF-44DF-4C16-808B-DBBB16974BF2}.Debug|Win32.ActiveCfg = Debug|Win32
		{DF5B2FAF-44DF-4C16-808B-DBBB16974BF2}.Debug|Win32.Build.0 = Debug|Win32
		{DF5B2FAF-44DF-4C16-808B-DBBB16974BF2}.Release|Win32.ActiveCfg = Release|Win32
		{DF5B2FAF-44DF-4C16-808B-DBBB16974BF2}.Release|Win32.Build.0 = Release|Win32
		{DF5B2FAF-44DF-4C16-808B-DBBB16974BF2}.MinSizeRel|Win32.ActiveCfg = MinSizeRel|Win32
		{DF5B2FAF-44DF-4C16-808B-DBBB16974BF2}.MinSizeRel|Win32.Build.0 = MinSizeRel|Win32
		{DF5B2FAF-44DF-4C16-808B-DBBB16974BF2}.RelWithDebInfo|Win32.ActiveCfg = RelWithDebInfo|Win32
		{DF5B2FAF-44DF-4C16-808B-DBBB16974BF2}.RelWithDebInfo|Win32.Build.0 = RelWithDebInfo|Win32
		{D419FB79-4B78-4AE5-9C48-9C1DF6ECA976}.Debug|Win32.ActiveCfg = Debug|Win32
		{D419FB79-4B78-4AE5-9C48-9C1DF6ECA976}.Debug|Win32.Build.0 = Debug|Win32
		{D419FB79-4B78-4AE5-9C48-9C1DF6ECA976}.Release|Win32.ActiveCfg = Release|Win32
		{D419FB79-4B78-4AE5-9C48-9C1DF6ECA976}.Release|Win32.Build.0 = Release|Win32
		{D419FB79-4B78-4AE5-9C48-9C1DF6ECA976}.MinSizeRel|Win32.ActiveCfg = MinSizeRel|Win32
		{D419FB79-4B78-4AE5-9C48-9C1DF6ECA976}.MinSizeRel|Win32.Build.0 = MinSizeRel|Win32
		{D419FB79-4B78-4AE5-9C48-9C1DF6ECA976}.RelWithDebInfo|Win32.ActiveCfg = RelWithDebInfo|Win32
		{D419FB79-4B78-4AE5-9C48-9C1DF6ECA976}.RelWithDebInfo|Win32.Build.0 = RelWithDebInfo|Win32
		{12BF56EB-DFFD-4C08-8F8D-355686A91138}.Debug|Win32.ActiveCfg = Debug|Win32
		{12BF56EB-DFFD-4C08-8F8D-355686A91138}.Debug|Win32.Build.0 = Debug|Win32
		{12BF56EB-DFFD-4C08-8F8D-355686A91138}.Release|Win32.ActiveCfg = Release|Win32
		{12BF56EB-DFFD-4C08-8F8D-355686A91138}.Release|Win32.Build.0 = Release|Win32
		{12BF56EB-DFFD-4C08-8F8D-355686A91138}.MinSizeRel|Win32.ActiveCfg = MinSizeRel|Win32
		{12BF56EB-DFFD-4C08-8F8D-355686A91138}.MinSizeRel|Win32.Build.0 = MinSizeRel|Win32
		{12BF56EB-DFFD-4C08-8F8D-355686A91138}.RelWithDebInfo|Win32.ActiveCfg = RelWithDebInfo|Win32
		{12BF56EB-DFFD-4C08-8F8D-355686A91138}.RelWithDebInfo|Win32.Build.0 = RelWithDebInfo|Win32
		{7BF041C5-C113-4AD8-8756-24EFD28FD21C}.Debug|Win32.ActiveCfg = Debug|Win32
		{7BF041C5-C113-4AD8-8756-24EFD28FD21C}.Debug|Win32.Build.0 = Debug|Win32
		{7BF041C5-C113-4AD8-8756-24EFD28FD21C}.Release|Win32.ActiveCfg = Release|Win32
		{7BF041C5-C113-4AD8-8756-24EFD28FD21C}.Release|Win32.Build.0 = Release|Win32
		{7BF041C5-C113-4AD8-8756-24EFD28FD21C}.MinSizeRel|Win32.ActiveCfg = MinSizeRel|Win32
		{7BF041C5-C113-4AD8-8756-24EFD28FD21C}.MinSizeRel|Win32.Build.0 = MinSizeRel|Win32
		{7BF041C5-C113-4AD8-8756-24EFD28FD21C}.RelWithDebInfo|Win32.ActiveCfg = RelWithDebInfo|Win32
		{7BF041C5-C113-4AD8-8756-24EFD28FD21C}.RelWithDebInfo|Win32.Build.0 = RelWithDebInfo|Win32
		{6395C3D5-5100-48FE-A3E3-E4F1765C0AC2}.Debug|Win32.ActiveCfg = Debug|Win32
		{6395C3D5-5100-48FE-A3E3-E4F1765C0AC2}.Debug|Win32.Build.0 = Debug|Win32
		{6395C3D5-5100-48FE-A3E3-E4F1765C0AC2}.Release|Win32.ActiveCfg = Release|Win32
		{6395C3D5-5100-48FE-A3E3-E4F1765C0AC2}.Release|Win32.Build.0 = Release|Win32
		{6395C3D5-5100-48FE-A3E3-E4F1765C0AC2}.MinSizeRel|Win32.ActiveCfg = MinSizeRel|Win32
		{6395C3D5-5100-48FE-A3E3-E4F1765C0AC2}.MinSizeRel|Win32.Build.0 = MinSizeRel|Win32
		{6395C3D5-5100-48FE-A3E3-E4F1765C0AC2}.RelWithDebInfo|Win32.ActiveCfg = RelWithDebInfo|Win32
		{6395C3D5-5100-48FE-A3E3-E4F1765C0AC2}.RelWithDebInfo|Win32.Build.0 = RelWithDebInfo|Win32
		{7E07C62E-3A65-4BF3-AC55-052D2FC7720C}.Debug|Win32.ActiveCfg = Debug|Win32
		{7E07C62E-3A65-4BF3-AC55-052D2FC7720C}.Debug|Win32.Build.0 = Debug|Win32
		{7E07C62E-3A65-4BF3-AC55-052D2FC7720C}.Release|Win32.ActiveCfg = Release|Win32
		{7E07C62E-3A65-4BF3-AC55-052D2FC7720C}.Release|Win32.Build.0 = Release|Win32
		{7E07C62E-3A65-4BF3-AC55-052D2FC7720C}.MinSizeRel|Win32.ActiveCfg = MinSizeRel|Win32
		{7E07C62E-3A65-4BF3-AC55-052D2FC7720C}.MinSizeRel|Win32.Build.0 = MinSizeRel|Win32
		{7E07C62E-3A65-4BF3-AC55-052D2FC7720C}.RelWithDebInfo|Win32.ActiveCfg = RelWithDebInfo|Win32
		{7E07C62E-3A65-4BF3-AC55-052D2FC7720C}.RelWithDebInfo|Win32.Build.0 = RelWithDebInfo|Win32
		{686ECEB9-B86D-4454-B3EE-F18203910557}.Debug|Win32.ActiveCfg = Debug|Win32
		{686ECEB9-B86D-4454-B3EE-F18203910557}.Debug|Win32.Build.0 = Debug|Win32
		{686ECEB9-B86D-4454-B3EE-F18203910557}.Release|Win32.ActiveCfg = Release|Win32
		{686ECEB9-B86D-4454-B3EE-F18203910557}.Release|Win32.Build.0 = Release|Win32
		{686ECEB9-B86D-4454-B3EE-F18203910557}.MinSizeRel|Win32.ActiveCfg = MinSizeRel|Win32
		{686ECEB9-B86D-4454-B3EE-F18203910557}.MinSizeRel|Win32.Build.0 = MinSizeRel|Win32
		{686ECEB9-B86D-4454-B3EE-F18203910557}.RelWithDebInfo|Win32.ActiveCfg = RelWithDebInfo|Win32
		{686ECEB9-B86D-4454-B3EE-F18203910557}.RelWithDebInfo|Win32.Build.0 = RelWithDebInfo|Win32
		{8AB73C5C-7FCA-4FFD-A5BC-86A04959967D}.Debug|Win32.ActiveCfg = Debug|Win32
		{8AB73C5C-7FCA-4FFD-A5BC-86A04959967D}.Debug|Win32.Build.0 = Debug|Win32
		{8AB73C5C-7FCA-4FFD-A5BC-86A04959967D}.Release|Win32.ActiveCfg = Release|Win32
		{8AB73C5C-7FCA-4FFD-A5BC-86A04959967D}.Release|Win32.Build.0 = Release|Win32
		{8AB73C5C-7FCA-4FFD-A5BC-86A04959967D}.MinSizeRel|Win32.ActiveCfg = MinSizeRel|Win32
		{8AB73C5C-7FCA-4FFD-A5BC-86A04959967D}.MinSizeRel|Win32.Build.0 = MinSizeRel|Win32
		{8AB73C5C-7FCA-4FFD-A5BC-86A04959967D}.RelWithDebInfo|Win32.ActiveCfg = RelWithDebInfo|Win32
		{8AB73C5C-7FCA-4FFD-A5BC-86A04959967D}.RelWithDebInfo|Win32.Build.0 = RelWithDebInfo|Win32
		{82F75E9A-B733-4C5F-95E1-8E4E0A4EE85C}.Debug|Win32.ActiveCfg = Debug|Win32
		{82F75E9A-B733-4C5F-95E1-8E4E0A4EE85C}.Debug|Win32.Build.0 = Debug|Win32
		{82F75E9A-B733-4C5F-95E1-8E4E0A4EE85C}.Release|Win32.ActiveCfg = Release|Win32
		{82F75E9A-B733-4C5F-95E1-8E4E0A4EE85C}.Release|Win32.Build.0 = Release|Win32
		{82F75E9A-B733-4C5F-95E1-8E4E0A4EE85C}.MinSizeRel|Win32.ActiveCfg = MinSizeRel|Win32
		{82F75E9A-B733-4C5F-95E1-8E4E0A4EE85C}.MinSizeRel|Win32.Build.0 = MinSizeRel|Win32
		{82F75E9A-B733-4C5F-95E1-8E4E0A4EE85C}.RelWithDebInfo|Win32.ActiveCfg = RelWithDebInfo|Win32
		{82F75E9A-B733-4C5F-95E1-8E4E0A4EE85C}.RelWithDebInfo|Win32.Build.0 = RelWithDebInfo|Win32
		{84FE6B78-916F-4F17-82CA-5D39468497F2}.Debug|Win32.ActiveCfg = Debug|Win32
		{84FE6B78-916F-4F17-82CA-5D39468497F2}.Debug|Win32.Build.0 = Debug|Win32
		{84FE6B78-916F-4F17-82CA-5D39468497F2}.Release|Win32.ActiveCfg = Release|Win32
		{84FE6B78-916F-4F17-82CA-5D39468497F2}.Release|Win32.Build.0 = Release|Win32
		{84FE6B78-916F-4F17-82CA-5D39468497F2}.MinSizeRel|Win32.ActiveCfg = MinSizeRel|Win32
		{84FE6B78-916F-4F17-82CA-5D39468497F2}.MinSizeRel|Win32.Build.0 = MinSizeRel|Win32
		{84FE6B78-916F-4F17-82CA-5D39468497F2}.RelWithDebInfo|Win32.ActiveCfg = RelWithDebInfo|Win32
		{84FE6B78-916F-4F17-82CA-5D39468497F2}.RelWithDebInfo|Win32.Build.0 = RelWithDebInfo|Win32
		{5794030D-D5E9-48FC-BA6D-AB7F9E5B88BD}.Debug|Win32.ActiveCfg = Debug|Win32
		{5794030D-D5E9-48FC-BA6D-AB7F9E5B88BD}.Debug|Win32.Build.0 = Debug|Win32
		{5794030D-D5E9-48FC-BA6D-AB7F9E5B88BD}.Release|Win32.ActiveCfg = Release|Win32
		{5794030D-D5E9-48FC-BA6D-AB7F9E5B88BD}.Release|Win32.Build.0 = Release|Win32
		{5794030D-D5E9-48FC-BA6D-AB7F9E5B88BD}.MinSizeRel|Win32.ActiveCfg = MinSizeRel|Win32
		{5794030D-D5E9-48FC-BA6D-AB7F9E5B88BD}.MinSizeRel|Win32.Build.0 = MinSizeRel|Win32
		{5794030D-D5E9-48FC-BA6D-AB7F9E5B88BD}.RelWithDebInfo|Win32.ActiveCfg = RelWithDebInfo|Win32
		{5794030D-D5E9-48FC-BA6D-AB7F9E5B88BD}.RelWithDebInfo|Win32.Build.0 = RelWithDebInfo|Win32
		{6948C802-8A38-4287-81FC-B37B2725DE91}.Debug|Win32.ActiveCfg = Debug|Win32
		{6948C802-8A38-4287-81FC-B37B2725DE91}.Debug|Win32.Build.0 = Debug|Win32
		{6948C802-8A38-4287-81FC-B37B2725DE91}.Release|Win32.ActiveCfg = Release|Win32
		{6948C802-8A38-4287-81FC-B37B2725DE91}.Release|Win32.Build.0 = Release|Win32
		{6948C802-8A38-4287-81FC-B37B2725DE91}.MinSizeRel|Win32.ActiveCfg = MinSizeRel|Win32
		{6948C802-8A38-4287-81FC-B37B2725DE91}.MinSizeRel|Win32.Build.0 = MinSizeRel|Win32
		{6948C802-8A38-4287-81FC-B37B2725DE91}.RelWithDebInfo|Win32.ActiveCfg = RelWithDebInfo|Win32
		{6948C802-8A38-4287-81FC-B37B2725DE91}.RelWithDebInfo|Win32.Build.0 = RelWithDebInfo|Win32
		{D06F2B26-3D9C-4177-AA85-5EA7C61AF9A3}.Debug|Win32.ActiveCfg = Debug|Win32
		{D06F2B26-3D9C-4177-AA85-5EA7C61AF9A3}.Debug|Win32.Build.0 = Debug|Win32
		{D06F2B26-3D9C-4177-AA85-5EA7C61AF9A3}.Release|Win32.ActiveCfg = Release|Win32
		{D06F2B26-3D9C-4177-AA85-5EA7C61AF9A3}.Release|Win32.Build.0 = Release|Win32
		{D06F2B26-3D9C-4177-AA85-5EA7C61AF9A3}.MinSizeRel|Win32.ActiveCfg = MinSizeRel|Win32
		{D06F2B26-3D9C-4177-AA85-5EA7C61AF9A3}.MinSizeRel|Win32.Build.0 = MinSizeRel|Win32
		{D06F2B26-3D9C-4177-AA85-5EA7C61AF9A3}.RelWithDebInfo|Win32.ActiveCfg = RelWithDebInfo|Win32
		{D06F2B26-3D9C-4177-AA85-5EA7C61AF9A3}.RelWithDebInfo|Win32.Build.0 = RelWithDebInfo|Win32
		{48EC0497-6C58-4B92-A858-51168E780807}.Debug|Win32.ActiveCfg = Debug|Win32
		{48EC0497-6C58-4B92-A858-51168E780807}.Debug|Win32.Build.0 = Debug|Win32
		{48EC0497-6C58-4B92-A858-51168E780807}.Release|Win32.ActiveCfg = Release|Win32
		{48EC0497-6C58-4B92-A858-51168E780807}.Release|Win32.Build.0 = Release|Win32
		{48EC0497-6C58-4B92-A858-51168E780807}.MinSizeRel|Win32.ActiveCfg = MinSizeRel|Win32
		{48EC0497-6C58-4B92-A858-51168E780807}.MinSizeRel|Win32.Build.0 = MinSizeRel|Win32
		{48EC0497-6C58-4B92-A858-51168E780807}.RelWithDebInfo|Win32.ActiveCfg = RelWithDebInfo|Win32
		{48EC0497-6C58-4B92-A858-51168E780807}.RelWithDebInfo|Win32.Build.0 = RelWithDebInfo|Win32
	EndGlobalSection
	GlobalSection(ExtensibilityGlobals) = postSolution
	EndGlobalSection
	GlobalSection(ExtensibilityAddIns) = postSolution
	EndGlobalSection
EndGlobal
