Microsoft Visual Studio Solution File, Format Version 12.00
# Visual Studio 2012
Project("{8BC9CEB8-8B4A-11D0-8D11-00A0C91BC942}") = "ALL_BUILD", "ALL_BUILD.vcxproj", "{10E68807-6615-48CD-BC8F-A35E3A548369}"
	ProjectSection(ProjectDependencies) = postProject
		{1422AFC0-B27A-49A1-A20A-12CF95E200CF} = {1422AFC0-B27A-49A1-A20A-12CF95E200CF}
		{8CBF2C2E-A921-49AB-8BB0-4DEC5AA18E57} = {8CBF2C2E-A921-49AB-8BB0-4DEC5AA18E57}
		{A929B854-7047-4B50-B4AA-D5B3EB044249} = {A929B854-7047-4B50-B4AA-D5B3EB044249}
		{38700E8C-0A72-4642-8369-6BD7AC205365} = {38700E8C-0A72-4642-8369-6BD7AC205365}
		{62596D7F-9F8F-4B7E-A5C2-663ABEDCDFE2} = {62596D7F-9F8F-4B7E-A5C2-663ABEDCDFE2}
		{AD8BEC98-E082-47B8-BE9C-DB049E91BD79} = {AD8BEC98-E082-47B8-BE9C-DB049E91BD79}
		{3B1DAFD1-BA52-423A-A511-2E6BF86FF482} = {3B1DAFD1-BA52-423A-A511-2E6BF86FF482}
		{12E67117-6770-4E8D-9444-3BBD5CC46D86} = {12E67117-6770-4E8D-9444-3BBD5CC46D86}
		{F43FECA8-F8F5-44C9-9546-327D6FD44DC5} = {F43FECA8-F8F5-44C9-9546-327D6FD44DC5}
		{1856E0A5-72F0-4BCE-9702-D6D02126FE49} = {1856E0A5-72F0-4BCE-9702-D6D02126FE49}
		{9EB8402C-3D85-487C-883F-99DF0254E48F} = {9EB8402C-3D85-487C-883F-99DF0254E48F}
		{01B78C1D-A8ED-4322-86B7-5A86142F803F} = {01B78C1D-A8ED-4322-86B7-5A86142F803F}
		{7A28D0AD-E927-49BB-A10E-53A6151FC98B} = {7A28D0AD-E927-49BB-A10E-53A6151FC98B}
		{FEDCCD73-B0B2-48A4-9BF5-053985307A65} = {FEDCCD73-B0B2-48A4-9BF5-053985307A65}
		{84546A2A-E163-4AC8-8476-267C3C57818D} = {84546A2A-E163-4AC8-8476-267C3C57818D}
		{4A6057D5-867A-448F-A071-09B3F9273CC7} = {4A6057D5-867A-448F-A071-09B3F9273CC7}
		{308E9ED3-B462-424E-A6D1-5BD81D9DBEEA} = {308E9ED3-B462-424E-A6D1-5BD81D9DBEEA}
		{FF338F1F-8367-4326-8523-BF4A34D8E0BA} = {FF338F1F-8367-4326-8523-BF4A34D8E0BA}
		{AB4290BB-2528-4765-8BF9-5BC7A81B022F} = {AB4290BB-2528-4765-8BF9-5BC7A81B022F}
	EndProjectSection
EndProject
Project("{8BC9CEB8-8B4A-11D0-8D11-00A0C91BC942}") = "INSTALL", "INSTALL.vcxproj", "{CDBA4DC2-303B-4DA3-A925-0C211AA885D3}"
	ProjectSection(ProjectDependencies) = postProject
		{10E68807-6615-48CD-BC8F-A35E3A548369} = {10E68807-6615-48CD-BC8F-A35E3A548369}
	EndProjectSection
EndProject
Project("{8BC9CEB8-8B4A-11D0-8D11-00A0C91BC942}") = "ZERO_CHECK", "ZERO_CHECK.vcxproj", "{1422AFC0-B27A-49A1-A20A-12CF95E200CF}"
	ProjectSection(ProjectDependencies) = postProject
	EndProjectSection
EndProject
Project("{8BC9CEB8-8B4A-11D0-8D11-00A0C91BC942}") = "common", "common\common.vcxproj", "{8CBF2C2E-A921-49AB-8BB0-4DEC5AA18E57}"
	ProjectSection(ProjectDependencies) = postProject
		{1422AFC0-B27A-49A1-A20A-12CF95E200CF} = {1422AFC0-B27A-49A1-A20A-12CF95E200CF}
	EndProjectSection
EndProject
Project("{8BC9CEB8-8B4A-11D0-8D11-00A0C91BC942}") = "common_static", "common\common_static.vcxproj", "{A929B854-7047-4B50-B4AA-D5B3EB044249}"
	ProjectSection(ProjectDependencies) = postProject
		{1422AFC0-B27A-49A1-A20A-12CF95E200CF} = {1422AFC0-B27A-49A1-A20A-12CF95E200CF}
	EndProjectSection
EndProject
Project("{8BC9CEB8-8B4A-11D0-8D11-00A0C91BC942}") = "dyninstAPI", "dyninstAPI\dyninstAPI.vcxproj", "{38700E8C-0A72-4642-8369-6BD7AC205365}"
	ProjectSection(ProjectDependencies) = postProject
		{1422AFC0-B27A-49A1-A20A-12CF95E200CF} = {1422AFC0-B27A-49A1-A20A-12CF95E200CF}
		{8CBF2C2E-A921-49AB-8BB0-4DEC5AA18E57} = {8CBF2C2E-A921-49AB-8BB0-4DEC5AA18E57}
		{12E67117-6770-4E8D-9444-3BBD5CC46D86} = {12E67117-6770-4E8D-9444-3BBD5CC46D86}
		{1856E0A5-72F0-4BCE-9702-D6D02126FE49} = {1856E0A5-72F0-4BCE-9702-D6D02126FE49}
		{01B78C1D-A8ED-4322-86B7-5A86142F803F} = {01B78C1D-A8ED-4322-86B7-5A86142F803F}
		{FEDCCD73-B0B2-48A4-9BF5-053985307A65} = {FEDCCD73-B0B2-48A4-9BF5-053985307A65}
		{4A6057D5-867A-448F-A071-09B3F9273CC7} = {4A6057D5-867A-448F-A071-09B3F9273CC7}
		{FF338F1F-8367-4326-8523-BF4A34D8E0BA} = {FF338F1F-8367-4326-8523-BF4A34D8E0BA}
	EndProjectSection
EndProject
Project("{8BC9CEB8-8B4A-11D0-8D11-00A0C91BC942}") = "dyninstAPI_RT", "dyninstAPI_RT\dyninstAPI_RT.vcxproj", "{62596D7F-9F8F-4B7E-A5C2-663ABEDCDFE2}"
	ProjectSection(ProjectDependencies) = postProject
		{1422AFC0-B27A-49A1-A20A-12CF95E200CF} = {1422AFC0-B27A-49A1-A20A-12CF95E200CF}
	EndProjectSection
EndProject
Project("{8BC9CEB8-8B4A-11D0-8D11-00A0C91BC942}") = "dyninstAPI_RT_static", "dyninstAPI_RT\dyninstAPI_RT_static.vcxproj", "{AD8BEC98-E082-47B8-BE9C-DB049E91BD79}"
	ProjectSection(ProjectDependencies) = postProject
		{1422AFC0-B27A-49A1-A20A-12CF95E200CF} = {1422AFC0-B27A-49A1-A20A-12CF95E200CF}
	EndProjectSection
EndProject
Project("{8BC9CEB8-8B4A-11D0-8D11-00A0C91BC942}") = "dyninstAPI_static", "dyninstAPI\dyninstAPI_static.vcxproj", "{3B1DAFD1-BA52-423A-A511-2E6BF86FF482}"
	ProjectSection(ProjectDependencies) = postProject
		{1422AFC0-B27A-49A1-A20A-12CF95E200CF} = {1422AFC0-B27A-49A1-A20A-12CF95E200CF}
	EndProjectSection
EndProject
Project("{8BC9CEB8-8B4A-11D0-8D11-00A0C91BC942}") = "instructionAPI", "instructionAPI\instructionAPI.vcxproj", "{12E67117-6770-4E8D-9444-3BBD5CC46D86}"
	ProjectSection(ProjectDependencies) = postProject
		{1422AFC0-B27A-49A1-A20A-12CF95E200CF} = {1422AFC0-B27A-49A1-A20A-12CF95E200CF}
		{8CBF2C2E-A921-49AB-8BB0-4DEC5AA18E57} = {8CBF2C2E-A921-49AB-8BB0-4DEC5AA18E57}
	EndProjectSection
EndProject
Project("{8BC9CEB8-8B4A-11D0-8D11-00A0C91BC942}") = "instructionAPI_static", "instructionAPI\instructionAPI_static.vcxproj", "{F43FECA8-F8F5-44C9-9546-327D6FD44DC5}"
	ProjectSection(ProjectDependencies) = postProject
		{1422AFC0-B27A-49A1-A20A-12CF95E200CF} = {1422AFC0-B27A-49A1-A20A-12CF95E200CF}
	EndProjectSection
EndProject
Project("{8BC9CEB8-8B4A-11D0-8D11-00A0C91BC942}") = "parseAPI", "parseAPI\parseAPI.vcxproj", "{1856E0A5-72F0-4BCE-9702-D6D02126FE49}"
	ProjectSection(ProjectDependencies) = postProject
		{1422AFC0-B27A-49A1-A20A-12CF95E200CF} = {1422AFC0-B27A-49A1-A20A-12CF95E200CF}
		{8CBF2C2E-A921-49AB-8BB0-4DEC5AA18E57} = {8CBF2C2E-A921-49AB-8BB0-4DEC5AA18E57}
		{12E67117-6770-4E8D-9444-3BBD5CC46D86} = {12E67117-6770-4E8D-9444-3BBD5CC46D86}
		{FF338F1F-8367-4326-8523-BF4A34D8E0BA} = {FF338F1F-8367-4326-8523-BF4A34D8E0BA}
	EndProjectSection
EndProject
Project("{8BC9CEB8-8B4A-11D0-8D11-00A0C91BC942}") = "parseAPI_static", "parseAPI\parseAPI_static.vcxproj", "{9EB8402C-3D85-487C-883F-99DF0254E48F}"
	ProjectSection(ProjectDependencies) = postProject
		{1422AFC0-B27A-49A1-A20A-12CF95E200CF} = {1422AFC0-B27A-49A1-A20A-12CF95E200CF}
	EndProjectSection
EndProject
Project("{8BC9CEB8-8B4A-11D0-8D11-00A0C91BC942}") = "patchAPI", "patchAPI\patchAPI.vcxproj", "{01B78C1D-A8ED-4322-86B7-5A86142F803F}"
	ProjectSection(ProjectDependencies) = postProject
		{1422AFC0-B27A-49A1-A20A-12CF95E200CF} = {1422AFC0-B27A-49A1-A20A-12CF95E200CF}
		{8CBF2C2E-A921-49AB-8BB0-4DEC5AA18E57} = {8CBF2C2E-A921-49AB-8BB0-4DEC5AA18E57}
		{12E67117-6770-4E8D-9444-3BBD5CC46D86} = {12E67117-6770-4E8D-9444-3BBD5CC46D86}
		{1856E0A5-72F0-4BCE-9702-D6D02126FE49} = {1856E0A5-72F0-4BCE-9702-D6D02126FE49}
		{FF338F1F-8367-4326-8523-BF4A34D8E0BA} = {FF338F1F-8367-4326-8523-BF4A34D8E0BA}
	EndProjectSection
EndProject
Project("{8BC9CEB8-8B4A-11D0-8D11-00A0C91BC942}") = "patchAPI_static", "patchAPI\patchAPI_static.vcxproj", "{7A28D0AD-E927-49BB-A10E-53A6151FC98B}"
	ProjectSection(ProjectDependencies) = postProject
		{1422AFC0-B27A-49A1-A20A-12CF95E200CF} = {1422AFC0-B27A-49A1-A20A-12CF95E200CF}
	EndProjectSection
EndProject
Project("{8BC9CEB8-8B4A-11D0-8D11-00A0C91BC942}") = "pcontrol", "proccontrol\pcontrol.vcxproj", "{FEDCCD73-B0B2-48A4-9BF5-053985307A65}"
	ProjectSection(ProjectDependencies) = postProject
		{1422AFC0-B27A-49A1-A20A-12CF95E200CF} = {1422AFC0-B27A-49A1-A20A-12CF95E200CF}
		{8CBF2C2E-A921-49AB-8BB0-4DEC5AA18E57} = {8CBF2C2E-A921-49AB-8BB0-4DEC5AA18E57}
		{FF338F1F-8367-4326-8523-BF4A34D8E0BA} = {FF338F1F-8367-4326-8523-BF4A34D8E0BA}
	EndProjectSection
EndProject
Project("{8BC9CEB8-8B4A-11D0-8D11-00A0C91BC942}") = "pcontrol_static", "proccontrol\pcontrol_static.vcxproj", "{84546A2A-E163-4AC8-8476-267C3C57818D}"
	ProjectSection(ProjectDependencies) = postProject
		{1422AFC0-B27A-49A1-A20A-12CF95E200CF} = {1422AFC0-B27A-49A1-A20A-12CF95E200CF}
	EndProjectSection
EndProject
Project("{8BC9CEB8-8B4A-11D0-8D11-00A0C91BC942}") = "stackwalk", "stackwalk\stackwalk.vcxproj", "{4A6057D5-867A-448F-A071-09B3F9273CC7}"
	ProjectSection(ProjectDependencies) = postProject
		{1422AFC0-B27A-49A1-A20A-12CF95E200CF} = {1422AFC0-B27A-49A1-A20A-12CF95E200CF}
		{8CBF2C2E-A921-49AB-8BB0-4DEC5AA18E57} = {8CBF2C2E-A921-49AB-8BB0-4DEC5AA18E57}
		{12E67117-6770-4E8D-9444-3BBD5CC46D86} = {12E67117-6770-4E8D-9444-3BBD5CC46D86}
		{1856E0A5-72F0-4BCE-9702-D6D02126FE49} = {1856E0A5-72F0-4BCE-9702-D6D02126FE49}
		{FEDCCD73-B0B2-48A4-9BF5-053985307A65} = {FEDCCD73-B0B2-48A4-9BF5-053985307A65}
		{FF338F1F-8367-4326-8523-BF4A34D8E0BA} = {FF338F1F-8367-4326-8523-BF4A34D8E0BA}
	EndProjectSection
EndProject
Project("{8BC9CEB8-8B4A-11D0-8D11-00A0C91BC942}") = "stackwalk_static", "stackwalk\stackwalk_static.vcxproj", "{308E9ED3-B462-424E-A6D1-5BD81D9DBEEA}"
	ProjectSection(ProjectDependencies) = postProject
		{1422AFC0-B27A-49A1-A20A-12CF95E200CF} = {1422AFC0-B27A-49A1-A20A-12CF95E200CF}
	EndProjectSection
EndProject
Project("{8BC9CEB8-8B4A-11D0-8D11-00A0C91BC942}") = "symtabAPI", "symtabAPI\symtabAPI.vcxproj", "{FF338F1F-8367-4326-8523-BF4A34D8E0BA}"
	ProjectSection(ProjectDependencies) = postProject
		{1422AFC0-B27A-49A1-A20A-12CF95E200CF} = {1422AFC0-B27A-49A1-A20A-12CF95E200CF}
		{8CBF2C2E-A921-49AB-8BB0-4DEC5AA18E57} = {8CBF2C2E-A921-49AB-8BB0-4DEC5AA18E57}
	EndProjectSection
EndProject
Project("{8BC9CEB8-8B4A-11D0-8D11-00A0C91BC942}") = "symtabAPI_static", "symtabAPI\symtabAPI_static.vcxproj", "{AB4290BB-2528-4765-8BF9-5BC7A81B022F}"
	ProjectSection(ProjectDependencies) = postProject
		{1422AFC0-B27A-49A1-A20A-12CF95E200CF} = {1422AFC0-B27A-49A1-A20A-12CF95E200CF}
	EndProjectSection
EndProject
Global
	GlobalSection(SolutionConfigurationPlatforms) = preSolution
		Debug|Win32 = Debug|Win32
		Release|Win32 = Release|Win32
		MinSizeRel|Win32 = MinSizeRel|Win32
		RelWithDebInfo|Win32 = RelWithDebInfo|Win32
	EndGlobalSection
	GlobalSection(ProjectConfigurationPlatforms) = postSolution
		{10E68807-6615-48CD-BC8F-A35E3A548369}.Debug|Win32.ActiveCfg = Debug|Win32
		{10E68807-6615-48CD-BC8F-A35E3A548369}.Debug|Win32.Build.0 = Debug|Win32
		{10E68807-6615-48CD-BC8F-A35E3A548369}.Release|Win32.ActiveCfg = Release|Win32
		{10E68807-6615-48CD-BC8F-A35E3A548369}.Release|Win32.Build.0 = Release|Win32
		{10E68807-6615-48CD-BC8F-A35E3A548369}.MinSizeRel|Win32.ActiveCfg = MinSizeRel|Win32
		{10E68807-6615-48CD-BC8F-A35E3A548369}.MinSizeRel|Win32.Build.0 = MinSizeRel|Win32
		{10E68807-6615-48CD-BC8F-A35E3A548369}.RelWithDebInfo|Win32.ActiveCfg = RelWithDebInfo|Win32
		{10E68807-6615-48CD-BC8F-A35E3A548369}.RelWithDebInfo|Win32.Build.0 = RelWithDebInfo|Win32
		{CDBA4DC2-303B-4DA3-A925-0C211AA885D3}.Debug|Win32.ActiveCfg = Debug|Win32
		{CDBA4DC2-303B-4DA3-A925-0C211AA885D3}.Release|Win32.ActiveCfg = Release|Win32
		{CDBA4DC2-303B-4DA3-A925-0C211AA885D3}.MinSizeRel|Win32.ActiveCfg = MinSizeRel|Win32
		{CDBA4DC2-303B-4DA3-A925-0C211AA885D3}.RelWithDebInfo|Win32.ActiveCfg = RelWithDebInfo|Win32
		{1422AFC0-B27A-49A1-A20A-12CF95E200CF}.Debug|Win32.ActiveCfg = Debug|Win32
		{1422AFC0-B27A-49A1-A20A-12CF95E200CF}.Debug|Win32.Build.0 = Debug|Win32
		{1422AFC0-B27A-49A1-A20A-12CF95E200CF}.Release|Win32.ActiveCfg = Release|Win32
		{1422AFC0-B27A-49A1-A20A-12CF95E200CF}.Release|Win32.Build.0 = Release|Win32
		{1422AFC0-B27A-49A1-A20A-12CF95E200CF}.MinSizeRel|Win32.ActiveCfg = MinSizeRel|Win32
		{1422AFC0-B27A-49A1-A20A-12CF95E200CF}.MinSizeRel|Win32.Build.0 = MinSizeRel|Win32
		{1422AFC0-B27A-49A1-A20A-12CF95E200CF}.RelWithDebInfo|Win32.ActiveCfg = RelWithDebInfo|Win32
		{1422AFC0-B27A-49A1-A20A-12CF95E200CF}.RelWithDebInfo|Win32.Build.0 = RelWithDebInfo|Win32
		{8CBF2C2E-A921-49AB-8BB0-4DEC5AA18E57}.Debug|Win32.ActiveCfg = Debug|Win32
		{8CBF2C2E-A921-49AB-8BB0-4DEC5AA18E57}.Debug|Win32.Build.0 = Debug|Win32
		{8CBF2C2E-A921-49AB-8BB0-4DEC5AA18E57}.Release|Win32.ActiveCfg = Release|Win32
		{8CBF2C2E-A921-49AB-8BB0-4DEC5AA18E57}.Release|Win32.Build.0 = Release|Win32
		{8CBF2C2E-A921-49AB-8BB0-4DEC5AA18E57}.MinSizeRel|Win32.ActiveCfg = MinSizeRel|Win32
		{8CBF2C2E-A921-49AB-8BB0-4DEC5AA18E57}.MinSizeRel|Win32.Build.0 = MinSizeRel|Win32
		{8CBF2C2E-A921-49AB-8BB0-4DEC5AA18E57}.RelWithDebInfo|Win32.ActiveCfg = RelWithDebInfo|Win32
		{8CBF2C2E-A921-49AB-8BB0-4DEC5AA18E57}.RelWithDebInfo|Win32.Build.0 = RelWithDebInfo|Win32
		{A929B854-7047-4B50-B4AA-D5B3EB044249}.Debug|Win32.ActiveCfg = Debug|Win32
		{A929B854-7047-4B50-B4AA-D5B3EB044249}.Debug|Win32.Build.0 = Debug|Win32
		{A929B854-7047-4B50-B4AA-D5B3EB044249}.Release|Win32.ActiveCfg = Release|Win32
		{A929B854-7047-4B50-B4AA-D5B3EB044249}.Release|Win32.Build.0 = Release|Win32
		{A929B854-7047-4B50-B4AA-D5B3EB044249}.MinSizeRel|Win32.ActiveCfg = MinSizeRel|Win32
		{A929B854-7047-4B50-B4AA-D5B3EB044249}.MinSizeRel|Win32.Build.0 = MinSizeRel|Win32
		{A929B854-7047-4B50-B4AA-D5B3EB044249}.RelWithDebInfo|Win32.ActiveCfg = RelWithDebInfo|Win32
		{A929B854-7047-4B50-B4AA-D5B3EB044249}.RelWithDebInfo|Win32.Build.0 = RelWithDebInfo|Win32
		{38700E8C-0A72-4642-8369-6BD7AC205365}.Debug|Win32.ActiveCfg = Debug|Win32
		{38700E8C-0A72-4642-8369-6BD7AC205365}.Debug|Win32.Build.0 = Debug|Win32
		{38700E8C-0A72-4642-8369-6BD7AC205365}.Release|Win32.ActiveCfg = Release|Win32
		{38700E8C-0A72-4642-8369-6BD7AC205365}.Release|Win32.Build.0 = Release|Win32
		{38700E8C-0A72-4642-8369-6BD7AC205365}.MinSizeRel|Win32.ActiveCfg = MinSizeRel|Win32
		{38700E8C-0A72-4642-8369-6BD7AC205365}.MinSizeRel|Win32.Build.0 = MinSizeRel|Win32
		{38700E8C-0A72-4642-8369-6BD7AC205365}.RelWithDebInfo|Win32.ActiveCfg = RelWithDebInfo|Win32
		{38700E8C-0A72-4642-8369-6BD7AC205365}.RelWithDebInfo|Win32.Build.0 = RelWithDebInfo|Win32
		{62596D7F-9F8F-4B7E-A5C2-663ABEDCDFE2}.Debug|Win32.ActiveCfg = Debug|Win32
		{62596D7F-9F8F-4B7E-A5C2-663ABEDCDFE2}.Debug|Win32.Build.0 = Debug|Win32
		{62596D7F-9F8F-4B7E-A5C2-663ABEDCDFE2}.Release|Win32.ActiveCfg = Release|Win32
		{62596D7F-9F8F-4B7E-A5C2-663ABEDCDFE2}.Release|Win32.Build.0 = Release|Win32
		{62596D7F-9F8F-4B7E-A5C2-663ABEDCDFE2}.MinSizeRel|Win32.ActiveCfg = MinSizeRel|Win32
		{62596D7F-9F8F-4B7E-A5C2-663ABEDCDFE2}.MinSizeRel|Win32.Build.0 = MinSizeRel|Win32
		{62596D7F-9F8F-4B7E-A5C2-663ABEDCDFE2}.RelWithDebInfo|Win32.ActiveCfg = RelWithDebInfo|Win32
		{62596D7F-9F8F-4B7E-A5C2-663ABEDCDFE2}.RelWithDebInfo|Win32.Build.0 = RelWithDebInfo|Win32
		{AD8BEC98-E082-47B8-BE9C-DB049E91BD79}.Debug|Win32.ActiveCfg = Debug|Win32
		{AD8BEC98-E082-47B8-BE9C-DB049E91BD79}.Debug|Win32.Build.0 = Debug|Win32
		{AD8BEC98-E082-47B8-BE9C-DB049E91BD79}.Release|Win32.ActiveCfg = Release|Win32
		{AD8BEC98-E082-47B8-BE9C-DB049E91BD79}.Release|Win32.Build.0 = Release|Win32
		{AD8BEC98-E082-47B8-BE9C-DB049E91BD79}.MinSizeRel|Win32.ActiveCfg = MinSizeRel|Win32
		{AD8BEC98-E082-47B8-BE9C-DB049E91BD79}.MinSizeRel|Win32.Build.0 = MinSizeRel|Win32
		{AD8BEC98-E082-47B8-BE9C-DB049E91BD79}.RelWithDebInfo|Win32.ActiveCfg = RelWithDebInfo|Win32
		{AD8BEC98-E082-47B8-BE9C-DB049E91BD79}.RelWithDebInfo|Win32.Build.0 = RelWithDebInfo|Win32
		{3B1DAFD1-BA52-423A-A511-2E6BF86FF482}.Debug|Win32.ActiveCfg = Debug|Win32
		{3B1DAFD1-BA52-423A-A511-2E6BF86FF482}.Debug|Win32.Build.0 = Debug|Win32
		{3B1DAFD1-BA52-423A-A511-2E6BF86FF482}.Release|Win32.ActiveCfg = Release|Win32
		{3B1DAFD1-BA52-423A-A511-2E6BF86FF482}.Release|Win32.Build.0 = Release|Win32
		{3B1DAFD1-BA52-423A-A511-2E6BF86FF482}.MinSizeRel|Win32.ActiveCfg = MinSizeRel|Win32
		{3B1DAFD1-BA52-423A-A511-2E6BF86FF482}.MinSizeRel|Win32.Build.0 = MinSizeRel|Win32
		{3B1DAFD1-BA52-423A-A511-2E6BF86FF482}.RelWithDebInfo|Win32.ActiveCfg = RelWithDebInfo|Win32
		{3B1DAFD1-BA52-423A-A511-2E6BF86FF482}.RelWithDebInfo|Win32.Build.0 = RelWithDebInfo|Win32
		{12E67117-6770-4E8D-9444-3BBD5CC46D86}.Debug|Win32.ActiveCfg = Debug|Win32
		{12E67117-6770-4E8D-9444-3BBD5CC46D86}.Debug|Win32.Build.0 = Debug|Win32
		{12E67117-6770-4E8D-9444-3BBD5CC46D86}.Release|Win32.ActiveCfg = Release|Win32
		{12E67117-6770-4E8D-9444-3BBD5CC46D86}.Release|Win32.Build.0 = Release|Win32
		{12E67117-6770-4E8D-9444-3BBD5CC46D86}.MinSizeRel|Win32.ActiveCfg = MinSizeRel|Win32
		{12E67117-6770-4E8D-9444-3BBD5CC46D86}.MinSizeRel|Win32.Build.0 = MinSizeRel|Win32
		{12E67117-6770-4E8D-9444-3BBD5CC46D86}.RelWithDebInfo|Win32.ActiveCfg = RelWithDebInfo|Win32
		{12E67117-6770-4E8D-9444-3BBD5CC46D86}.RelWithDebInfo|Win32.Build.0 = RelWithDebInfo|Win32
		{F43FECA8-F8F5-44C9-9546-327D6FD44DC5}.Debug|Win32.ActiveCfg = Debug|Win32
		{F43FECA8-F8F5-44C9-9546-327D6FD44DC5}.Debug|Win32.Build.0 = Debug|Win32
		{F43FECA8-F8F5-44C9-9546-327D6FD44DC5}.Release|Win32.ActiveCfg = Release|Win32
		{F43FECA8-F8F5-44C9-9546-327D6FD44DC5}.Release|Win32.Build.0 = Release|Win32
		{F43FECA8-F8F5-44C9-9546-327D6FD44DC5}.MinSizeRel|Win32.ActiveCfg = MinSizeRel|Win32
		{F43FECA8-F8F5-44C9-9546-327D6FD44DC5}.MinSizeRel|Win32.Build.0 = MinSizeRel|Win32
		{F43FECA8-F8F5-44C9-9546-327D6FD44DC5}.RelWithDebInfo|Win32.ActiveCfg = RelWithDebInfo|Win32
		{F43FECA8-F8F5-44C9-9546-327D6FD44DC5}.RelWithDebInfo|Win32.Build.0 = RelWithDebInfo|Win32
		{1856E0A5-72F0-4BCE-9702-D6D02126FE49}.Debug|Win32.ActiveCfg = Debug|Win32
		{1856E0A5-72F0-4BCE-9702-D6D02126FE49}.Debug|Win32.Build.0 = Debug|Win32
		{1856E0A5-72F0-4BCE-9702-D6D02126FE49}.Release|Win32.ActiveCfg = Release|Win32
		{1856E0A5-72F0-4BCE-9702-D6D02126FE49}.Release|Win32.Build.0 = Release|Win32
		{1856E0A5-72F0-4BCE-9702-D6D02126FE49}.MinSizeRel|Win32.ActiveCfg = MinSizeRel|Win32
		{1856E0A5-72F0-4BCE-9702-D6D02126FE49}.MinSizeRel|Win32.Build.0 = MinSizeRel|Win32
		{1856E0A5-72F0-4BCE-9702-D6D02126FE49}.RelWithDebInfo|Win32.ActiveCfg = RelWithDebInfo|Win32
		{1856E0A5-72F0-4BCE-9702-D6D02126FE49}.RelWithDebInfo|Win32.Build.0 = RelWithDebInfo|Win32
		{9EB8402C-3D85-487C-883F-99DF0254E48F}.Debug|Win32.ActiveCfg = Debug|Win32
		{9EB8402C-3D85-487C-883F-99DF0254E48F}.Debug|Win32.Build.0 = Debug|Win32
		{9EB8402C-3D85-487C-883F-99DF0254E48F}.Release|Win32.ActiveCfg = Release|Win32
		{9EB8402C-3D85-487C-883F-99DF0254E48F}.Release|Win32.Build.0 = Release|Win32
		{9EB8402C-3D85-487C-883F-99DF0254E48F}.MinSizeRel|Win32.ActiveCfg = MinSizeRel|Win32
		{9EB8402C-3D85-487C-883F-99DF0254E48F}.MinSizeRel|Win32.Build.0 = MinSizeRel|Win32
		{9EB8402C-3D85-487C-883F-99DF0254E48F}.RelWithDebInfo|Win32.ActiveCfg = RelWithDebInfo|Win32
		{9EB8402C-3D85-487C-883F-99DF0254E48F}.RelWithDebInfo|Win32.Build.0 = RelWithDebInfo|Win32
		{01B78C1D-A8ED-4322-86B7-5A86142F803F}.Debug|Win32.ActiveCfg = Debug|Win32
		{01B78C1D-A8ED-4322-86B7-5A86142F803F}.Debug|Win32.Build.0 = Debug|Win32
		{01B78C1D-A8ED-4322-86B7-5A86142F803F}.Release|Win32.ActiveCfg = Release|Win32
		{01B78C1D-A8ED-4322-86B7-5A86142F803F}.Release|Win32.Build.0 = Release|Win32
		{01B78C1D-A8ED-4322-86B7-5A86142F803F}.MinSizeRel|Win32.ActiveCfg = MinSizeRel|Win32
		{01B78C1D-A8ED-4322-86B7-5A86142F803F}.MinSizeRel|Win32.Build.0 = MinSizeRel|Win32
		{01B78C1D-A8ED-4322-86B7-5A86142F803F}.RelWithDebInfo|Win32.ActiveCfg = RelWithDebInfo|Win32
		{01B78C1D-A8ED-4322-86B7-5A86142F803F}.RelWithDebInfo|Win32.Build.0 = RelWithDebInfo|Win32
		{7A28D0AD-E927-49BB-A10E-53A6151FC98B}.Debug|Win32.ActiveCfg = Debug|Win32
		{7A28D0AD-E927-49BB-A10E-53A6151FC98B}.Debug|Win32.Build.0 = Debug|Win32
		{7A28D0AD-E927-49BB-A10E-53A6151FC98B}.Release|Win32.ActiveCfg = Release|Win32
		{7A28D0AD-E927-49BB-A10E-53A6151FC98B}.Release|Win32.Build.0 = Release|Win32
		{7A28D0AD-E927-49BB-A10E-53A6151FC98B}.MinSizeRel|Win32.ActiveCfg = MinSizeRel|Win32
		{7A28D0AD-E927-49BB-A10E-53A6151FC98B}.MinSizeRel|Win32.Build.0 = MinSizeRel|Win32
		{7A28D0AD-E927-49BB-A10E-53A6151FC98B}.RelWithDebInfo|Win32.ActiveCfg = RelWithDebInfo|Win32
		{7A28D0AD-E927-49BB-A10E-53A6151FC98B}.RelWithDebInfo|Win32.Build.0 = RelWithDebInfo|Win32
		{FEDCCD73-B0B2-48A4-9BF5-053985307A65}.Debug|Win32.ActiveCfg = Debug|Win32
		{FEDCCD73-B0B2-48A4-9BF5-053985307A65}.Debug|Win32.Build.0 = Debug|Win32
		{FEDCCD73-B0B2-48A4-9BF5-053985307A65}.Release|Win32.ActiveCfg = Release|Win32
		{FEDCCD73-B0B2-48A4-9BF5-053985307A65}.Release|Win32.Build.0 = Release|Win32
		{FEDCCD73-B0B2-48A4-9BF5-053985307A65}.MinSizeRel|Win32.ActiveCfg = MinSizeRel|Win32
		{FEDCCD73-B0B2-48A4-9BF5-053985307A65}.MinSizeRel|Win32.Build.0 = MinSizeRel|Win32
		{FEDCCD73-B0B2-48A4-9BF5-053985307A65}.RelWithDebInfo|Win32.ActiveCfg = RelWithDebInfo|Win32
		{FEDCCD73-B0B2-48A4-9BF5-053985307A65}.RelWithDebInfo|Win32.Build.0 = RelWithDebInfo|Win32
		{84546A2A-E163-4AC8-8476-267C3C57818D}.Debug|Win32.ActiveCfg = Debug|Win32
		{84546A2A-E163-4AC8-8476-267C3C57818D}.Debug|Win32.Build.0 = Debug|Win32
		{84546A2A-E163-4AC8-8476-267C3C57818D}.Release|Win32.ActiveCfg = Release|Win32
		{84546A2A-E163-4AC8-8476-267C3C57818D}.Release|Win32.Build.0 = Release|Win32
		{84546A2A-E163-4AC8-8476-267C3C57818D}.MinSizeRel|Win32.ActiveCfg = MinSizeRel|Win32
		{84546A2A-E163-4AC8-8476-267C3C57818D}.MinSizeRel|Win32.Build.0 = MinSizeRel|Win32
		{84546A2A-E163-4AC8-8476-267C3C57818D}.RelWithDebInfo|Win32.ActiveCfg = RelWithDebInfo|Win32
		{84546A2A-E163-4AC8-8476-267C3C57818D}.RelWithDebInfo|Win32.Build.0 = RelWithDebInfo|Win32
		{4A6057D5-867A-448F-A071-09B3F9273CC7}.Debug|Win32.ActiveCfg = Debug|Win32
		{4A6057D5-867A-448F-A071-09B3F9273CC7}.Debug|Win32.Build.0 = Debug|Win32
		{4A6057D5-867A-448F-A071-09B3F9273CC7}.Release|Win32.ActiveCfg = Release|Win32
		{4A6057D5-867A-448F-A071-09B3F9273CC7}.Release|Win32.Build.0 = Release|Win32
		{4A6057D5-867A-448F-A071-09B3F9273CC7}.MinSizeRel|Win32.ActiveCfg = MinSizeRel|Win32
		{4A6057D5-867A-448F-A071-09B3F9273CC7}.MinSizeRel|Win32.Build.0 = MinSizeRel|Win32
		{4A6057D5-867A-448F-A071-09B3F9273CC7}.RelWithDebInfo|Win32.ActiveCfg = RelWithDebInfo|Win32
		{4A6057D5-867A-448F-A071-09B3F9273CC7}.RelWithDebInfo|Win32.Build.0 = RelWithDebInfo|Win32
		{308E9ED3-B462-424E-A6D1-5BD81D9DBEEA}.Debug|Win32.ActiveCfg = Debug|Win32
		{308E9ED3-B462-424E-A6D1-5BD81D9DBEEA}.Debug|Win32.Build.0 = Debug|Win32
		{308E9ED3-B462-424E-A6D1-5BD81D9DBEEA}.Release|Win32.ActiveCfg = Release|Win32
		{308E9ED3-B462-424E-A6D1-5BD81D9DBEEA}.Release|Win32.Build.0 = Release|Win32
		{308E9ED3-B462-424E-A6D1-5BD81D9DBEEA}.MinSizeRel|Win32.ActiveCfg = MinSizeRel|Win32
		{308E9ED3-B462-424E-A6D1-5BD81D9DBEEA}.MinSizeRel|Win32.Build.0 = MinSizeRel|Win32
		{308E9ED3-B462-424E-A6D1-5BD81D9DBEEA}.RelWithDebInfo|Win32.ActiveCfg = RelWithDebInfo|Win32
		{308E9ED3-B462-424E-A6D1-5BD81D9DBEEA}.RelWithDebInfo|Win32.Build.0 = RelWithDebInfo|Win32
		{FF338F1F-8367-4326-8523-BF4A34D8E0BA}.Debug|Win32.ActiveCfg = Debug|Win32
		{FF338F1F-8367-4326-8523-BF4A34D8E0BA}.Debug|Win32.Build.0 = Debug|Win32
		{FF338F1F-8367-4326-8523-BF4A34D8E0BA}.Release|Win32.ActiveCfg = Release|Win32
		{FF338F1F-8367-4326-8523-BF4A34D8E0BA}.Release|Win32.Build.0 = Release|Win32
		{FF338F1F-8367-4326-8523-BF4A34D8E0BA}.MinSizeRel|Win32.ActiveCfg = MinSizeRel|Win32
		{FF338F1F-8367-4326-8523-BF4A34D8E0BA}.MinSizeRel|Win32.Build.0 = MinSizeRel|Win32
		{FF338F1F-8367-4326-8523-BF4A34D8E0BA}.RelWithDebInfo|Win32.ActiveCfg = RelWithDebInfo|Win32
		{FF338F1F-8367-4326-8523-BF4A34D8E0BA}.RelWithDebInfo|Win32.Build.0 = RelWithDebInfo|Win32
		{AB4290BB-2528-4765-8BF9-5BC7A81B022F}.Debug|Win32.ActiveCfg = Debug|Win32
		{AB4290BB-2528-4765-8BF9-5BC7A81B022F}.Debug|Win32.Build.0 = Debug|Win32
		{AB4290BB-2528-4765-8BF9-5BC7A81B022F}.Release|Win32.ActiveCfg = Release|Win32
		{AB4290BB-2528-4765-8BF9-5BC7A81B022F}.Release|Win32.Build.0 = Release|Win32
		{AB4290BB-2528-4765-8BF9-5BC7A81B022F}.MinSizeRel|Win32.ActiveCfg = MinSizeRel|Win32
		{AB4290BB-2528-4765-8BF9-5BC7A81B022F}.MinSizeRel|Win32.Build.0 = MinSizeRel|Win32
		{AB4290BB-2528-4765-8BF9-5BC7A81B022F}.RelWithDebInfo|Win32.ActiveCfg = RelWithDebInfo|Win32
		{AB4290BB-2528-4765-8BF9-5BC7A81B022F}.RelWithDebInfo|Win32.Build.0 = RelWithDebInfo|Win32
	EndGlobalSection
	GlobalSection(ExtensibilityGlobals) = postSolution
	EndGlobalSection
	GlobalSection(ExtensibilityAddIns) = postSolution
	EndGlobalSection
EndGlobal
